
Microsoft Visual Studio Solution File, Format Version 12.00
# Visual Studio Version 17
VisualStudioVersion = 17.5.33424.131
MinimumVisualStudioVersion = 10.0.40219.1
Project("{9A19103F-16F7-4668-BE54-9A1E7A4F7556}") = "Consimple.Web", "Consimple.Web\Consimple.Web.csproj", "{231A7F7B-E2F6-438B-9A6D-7F83AC5D0B87}"
EndProject
Project("{9A19103F-16F7-4668-BE54-9A1E7A4F7556}") = "Consimple.Database", "Consimple.Database\Consimple.Database.csproj", "{ED803236-CD18-4EF2-80EF-A6B2DDBE91F3}"
EndProject
Project("{9A19103F-16F7-4668-BE54-9A1E7A4F7556}") = "Consimple.EntityFramework", "Consimple.EntityFramework\Consimple.EntityFramework.csproj", "{D6FD50DC-31C0-44C7-835A-3EB82C233DC7}"
EndProject
Project("{9A19103F-16F7-4668-BE54-9A1E7A4F7556}") = "Consimple.Services", "Consimple.Services\Consimple.Services.csproj", "{7DDC3A53-D569-4FD0-8081-3A3DD2D4E320}"
EndProject
Project("{FAE04EC0-301F-11D3-BF4B-00C04F79EFBC}") = "Consimple.Common", "Consimple.Common\Consimple.Common.csproj", "{0526AE5F-8B43-4B5F-A250-5F40410C2E05}"
EndProject
Global
	GlobalSection(SolutionConfigurationPlatforms) = preSolution
		Debug|Any CPU = Debug|Any CPU
		Release|Any CPU = Release|Any CPU
	EndGlobalSection
	GlobalSection(ProjectConfigurationPlatforms) = postSolution
		{231A7F7B-E2F6-438B-9A6D-7F83AC5D0B87}.Debug|Any CPU.ActiveCfg = Debug|Any CPU
		{231A7F7B-E2F6-438B-9A6D-7F83AC5D0B87}.Debug|Any CPU.Build.0 = Debug|Any CPU
		{231A7F7B-E2F6-438B-9A6D-7F83AC5D0B87}.Release|Any CPU.ActiveCfg = Release|Any CPU
		{231A7F7B-E2F6-438B-9A6D-7F83AC5D0B87}.Release|Any CPU.Build.0 = Release|Any CPU
		{ED803236-CD18-4EF2-80EF-A6B2DDBE91F3}.Debug|Any CPU.ActiveCfg = Debug|Any CPU
		{ED803236-CD18-4EF2-80EF-A6B2DDBE91F3}.Debug|Any CPU.Build.0 = Debug|Any CPU
		{ED803236-CD18-4EF2-80EF-A6B2DDBE91F3}.Release|Any CPU.ActiveCfg = Release|Any CPU
		{ED803236-CD18-4EF2-80EF-A6B2DDBE91F3}.Release|Any CPU.Build.0 = Release|Any CPU
		{D6FD50DC-31C0-44C7-835A-3EB82C233DC7}.Debug|Any CPU.ActiveCfg = Debug|Any CPU
		{D6FD50DC-31C0-44C7-835A-3EB82C233DC7}.Debug|Any CPU.Build.0 = Debug|Any CPU
		{D6FD50DC-31C0-44C7-835A-3EB82C233DC7}.Release|Any CPU.ActiveCfg = Release|Any CPU
		{D6FD50DC-31C0-44C7-835A-3EB82C233DC7}.Release|Any CPU.Build.0 = Release|Any CPU
		{7DDC3A53-D569-4FD0-8081-3A3DD2D4E320}.Debug|Any CPU.ActiveCfg = Debug|Any CPU
		{7DDC3A53-D569-4FD0-8081-3A3DD2D4E320}.Debug|Any CPU.Build.0 = Debug|Any CPU
		{7DDC3A53-D569-4FD0-8081-3A3DD2D4E320}.Release|Any CPU.ActiveCfg = Release|Any CPU
		{7DDC3A53-D569-4FD0-8081-3A3DD2D4E320}.Release|Any CPU.Build.0 = Release|Any CPU
		{0526AE5F-8B43-4B5F-A250-5F40410C2E05}.Debug|Any CPU.ActiveCfg = Debug|Any CPU
		{0526AE5F-8B43-4B5F-A250-5F40410C2E05}.Debug|Any CPU.Build.0 = Debug|Any CPU
		{0526AE5F-8B43-4B5F-A250-5F40410C2E05}.Release|Any CPU.ActiveCfg = Release|Any CPU
		{0526AE5F-8B43-4B5F-A250-5F40410C2E05}.Release|Any CPU.Build.0 = Release|Any CPU
	EndGlobalSection
	GlobalSection(SolutionProperties) = preSolution
		HideSolutionNode = FALSE
	EndGlobalSection
	GlobalSection(ExtensibilityGlobals) = postSolution
		SolutionGuid = {CE473DE1-E1C3-4DD0-94C5-21595366E197}
	EndGlobalSection
EndGlobal
